
Microsoft Visual Studio Solution File, Format Version 12.00
# Visual Studio Version 16
VisualStudioVersion = 16.0.31729.503
MinimumVisualStudioVersion = 10.0.40219.1
Project("{FAE04EC0-301F-11D3-BF4B-00C04F79EFBC}") = "ClassLibrary", "ClassLibrary.csproj", "{A63A3192-E23C-4AD2-BA92-0C49D36C7106}"
EndProject
Project("{FAE04EC0-301F-11D3-BF4B-00C04F79EFBC}") = "UserInterface", "..\UserInterface\UserInterface.csproj", "{059260A4-C8F0-42E2-98D3-043513BB51C7}"
EndProject
Global
	GlobalSection(SolutionConfigurationPlatforms) = preSolution
		Debug|Any CPU = Debug|Any CPU
		Release|Any CPU = Release|Any CPU
	EndGlobalSection
	GlobalSection(ProjectConfigurationPlatforms) = postSolution
		{A63A3192-E23C-4AD2-BA92-0C49D36C7106}.Debug|Any CPU.ActiveCfg = Debug|Any CPU
		{A63A3192-E23C-4AD2-BA92-0C49D36C7106}.Debug|Any CPU.Build.0 = Debug|Any CPU
		{A63A3192-E23C-4AD2-BA92-0C49D36C7106}.Release|Any CPU.ActiveCfg = Release|Any CPU
		{A63A3192-E23C-4AD2-BA92-0C49D36C7106}.Release|Any CPU.Build.0 = Release|Any CPU
		{059260A4-C8F0-42E2-98D3-043513BB51C7}.Debug|Any CPU.ActiveCfg = Debug|Any CPU
		{059260A4-C8F0-42E2-98D3-043513BB51C7}.Debug|Any CPU.Build.0 = Debug|Any CPU
		{059260A4-C8F0-42E2-98D3-043513BB51C7}.Release|Any CPU.ActiveCfg = Release|Any CPU
		{059260A4-C8F0-42E2-98D3-043513BB51C7}.Release|Any CPU.Build.0 = Release|Any CPU
	EndGlobalSection
	GlobalSection(SolutionProperties) = preSolution
		HideSolutionNode = FALSE
	EndGlobalSection
	GlobalSection(ExtensibilityGlobals) = postSolution
		SolutionGuid = {782B0F62-4615-4A31-921E-A8DCE9019E76}
	EndGlobalSection
EndGlobal
